
Microsoft Visual Studio Solution File, Format Version 12.00
# Visual Studio Version 17
VisualStudioVersion = 17.10.35027.167
MinimumVisualStudioVersion = 10.0.40219.1
Project("{FAE04EC0-301F-11D3-BF4B-00C04F79EFBC}") = "WebApplication1", "WebApplication1\WebApplication1.csproj", "{0FC21E7F-5F6F-42CC-8E80-F329107048F9}"
EndProject
Global
	GlobalSection(SolutionConfigurationPlatforms) = preSolution
		Debug|Any CPU = Debug|Any CPU
		Release|Any CPU = Release|Any CPU
	EndGlobalSection
	GlobalSection(ProjectConfigurationPlatforms) = postSolution
		{0FC21E7F-5F6F-42CC-8E80-F329107048F9}.Debug|Any CPU.ActiveCfg = Debug|Any CPU
		{0FC21E7F-5F6F-42CC-8E80-F329107048F9}.Debug|Any CPU.Build.0 = Debug|Any CPU
		{0FC21E7F-5F6F-42CC-8E80-F329107048F9}.Release|Any CPU.ActiveCfg = Release|Any CPU
		{0FC21E7F-5F6F-42CC-8E80-F329107048F9}.Release|Any CPU.Build.0 = Release|Any CPU
	EndGlobalSection
	GlobalSection(SolutionProperties) = preSolution
		HideSolutionNode = FALSE
	EndGlobalSection
	GlobalSection(ExtensibilityGlobals) = postSolution
		SolutionGuid = {B5233899-EC4B-4961-A7A5-CB4D42339472}
	EndGlobalSection
EndGlobal
