
Microsoft Visual Studio Solution File, Format Version 12.00
# Visual Studio Version 17
VisualStudioVersion = 17.5.002.0
MinimumVisualStudioVersion = 10.0.40219.1
Project("{9A19103F-16F7-4668-BE54-9A1E7A4F7556}") = "NPDS", "NPDS.csproj", "{C10A5B47-6A96-4EB2-A164-3601B9DE5DCE}"
EndProject
Global
	GlobalSection(SolutionConfigurationPlatforms) = preSolution
		Debug|Any CPU = Debug|Any CPU
		Release|Any CPU = Release|Any CPU
	EndGlobalSection
	GlobalSection(ProjectConfigurationPlatforms) = postSolution
		{C10A5B47-6A96-4EB2-A164-3601B9DE5DCE}.Debug|Any CPU.ActiveCfg = Debug|Any CPU
		{C10A5B47-6A96-4EB2-A164-3601B9DE5DCE}.Debug|Any CPU.Build.0 = Debug|Any CPU
		{C10A5B47-6A96-4EB2-A164-3601B9DE5DCE}.Release|Any CPU.ActiveCfg = Release|Any CPU
		{C10A5B47-6A96-4EB2-A164-3601B9DE5DCE}.Release|Any CPU.Build.0 = Release|Any CPU
	EndGlobalSection
	GlobalSection(SolutionProperties) = preSolution
		HideSolutionNode = FALSE
	EndGlobalSection
	GlobalSection(ExtensibilityGlobals) = postSolution
		SolutionGuid = {6A2B5CBB-99A4-4AF8-9D6C-3ADB4078DB17}
	EndGlobalSection
EndGlobal
